{
  "name": "markov",
  "version": "1.0.0",
  "lockfileVersion": 1,
  "requires": true,
  "dependencies": {
    "axios": {
      "version": "0.21.1",
      "resolved": "https://registry.npmjs.org/axios/-/axios-0.21.1.tgz",
      "integrity": "sha512-dKQiRHxGD9PPRIUNIWvZhPTPpl1rf/OxTYKsqKUDjBwYylTvV7SjSHJb9ratfyzM6wCdLCOYLzs73qpg5c4iGA==",
      "requires": {
        "follow-redirects": "^1.10.0"
      }
    },
    "ent": {
      "version": "2.2.0",
      "resolved": "https://registry.npmjs.org/ent/-/ent-2.2.0.tgz",
      "integrity": "sha1-6WQhkyWiHQX0RGai9obtbOX13R0="
    },
    "follow-redirects": {
      "version": "1.13.1",
      "resolved": "https://registry.npmjs.org/follow-redirects/-/follow-redirects-1.13.1.tgz",
      "integrity": "sha512-SSG5xmZh1mkPGyKzjZP8zLjltIfpW32Y5QpdNJyjcfGxK3qo3NDDkZOZSFiGn1A6SclQxY9GzEwAHQ3dmYRWpg=="
    },
    "lodash.clonedeep": {
      "version": "4.5.0",
      "resolved": "https://registry.npmjs.org/lodash.clonedeep/-/lodash.clonedeep-4.5.0.tgz",
      "integrity": "sha1-4j8/nE+Pvd6HJSnBBxhXoIblzO8="
    },
    "lodash.isplainobject": {
      "version": "4.0.6",
      "resolved": "https://registry.npmjs.org/lodash.isplainobject/-/lodash.isplainobject-4.0.6.tgz",
      "integrity": "sha1-fFJqUtibRcRcxpC4gWO+BJf1UMs="
    },
    "lodash.trim": {
      "version": "4.5.1",
      "resolved": "https://registry.npmjs.org/lodash.trim/-/lodash.trim-4.5.1.tgz",
      "integrity": "sha1-NkJefukL5KpeJ7zruFt9EepHqlc="
    },
    "lodash.without": {
      "version": "4.4.0",
      "resolved": "https://registry.npmjs.org/lodash.without/-/lodash.without-4.4.0.tgz",
      "integrity": "sha1-PNRXSgC2e643OpS3SHcmQFB7eqw="
    },
    "ranges-apply": {
      "version": "3.1.3",
      "resolved": "https://registry.npmjs.org/ranges-apply/-/ranges-apply-3.1.3.tgz",
      "integrity": "sha512-ftjtJw8wtGjoVZTyi4LCUX5yueVS5d4k5Y53P3guYZhDx4vSaSDloc3G8avExVxIB5vS6BvY4NehnxUq7dTyMw==",
      "requires": {
        "ranges-merge": "^4.3.2"
      }
    },
    "ranges-merge": {
      "version": "4.3.2",
      "resolved": "https://registry.npmjs.org/ranges-merge/-/ranges-merge-4.3.2.tgz",
      "integrity": "sha512-T+6dsvVP56jiCA+bfNapTklb4behdRMEKUCaABHzQHxrYzVDANrE7Pi1f2PuFdvwiwlKGsTkGJdfX3AtBil14g==",
      "requires": {
        "ranges-sort": "^3.11.1"
      }
    },
    "ranges-push": {
      "version": "3.7.3",
      "resolved": "https://registry.npmjs.org/ranges-push/-/ranges-push-3.7.3.tgz",
      "integrity": "sha512-hVqcP4kKyc7PupiMWMEBnw7nKZwSGsatV8DIY6hjLHPGFyJaVU7SlKOKT3RSHHamCly6686S/WxI2r2/vXv5ag==",
      "requires": {
        "ranges-merge": "^4.3.2",
        "string-collapse-leading-whitespace": "^2.0.14",
        "string-trim-spaces-only": "^2.8.12"
      }
    },
    "ranges-sort": {
      "version": "3.11.1",
      "resolved": "https://registry.npmjs.org/ranges-sort/-/ranges-sort-3.11.1.tgz",
      "integrity": "sha512-sFbZG1LyGiTmuQFZr2/hrXVQ6ubc9iUqegYNQkWr8e0tqblZYL+6WlLXYjQIOfljDzd0/IiXxsl5HgmvbY2HCw=="
    },
    "string-collapse-leading-whitespace": {
      "version": "2.0.14",
      "resolved": "https://registry.npmjs.org/string-collapse-leading-whitespace/-/string-collapse-leading-whitespace-2.0.14.tgz",
      "integrity": "sha512-I8mSGmIrjopAazLH9y96VcUfPn8D0XdYlsCcgzZyKrZ12XbEYHb+OPbatwmxoUkrQEahbTP66CbnWkAJwxZp1A=="
    },
    "string-left-right": {
      "version": "2.3.18",
      "resolved": "https://registry.npmjs.org/string-left-right/-/string-left-right-2.3.18.tgz",
      "integrity": "sha512-KTZJP1eU1pDgoijXOZvwzWYTx0R6KMNtjkHsakE92Zc4fDBe1k8gyig/0xY0zNG5v9CnyxZ40DlWhJHdlCArpw==",
      "requires": {
        "lodash.clonedeep": "^4.5.0",
        "lodash.isplainobject": "^4.0.6"
      }
    },
    "string-strip-html": {
      "version": "4.3.19",
      "resolved": "https://registry.npmjs.org/string-strip-html/-/string-strip-html-4.3.19.tgz",
      "integrity": "sha512-Fef5oEGY/N4TGrC7QVvskrP4EFB4XlgSnbHxbHLK0SauzSaldAB6rS8zg1WLwKU60SBbXGYdayIvy9zpW8KFZw==",
      "requires": {
        "ent": "^2.2.0",
        "lodash.isplainobject": "^4.0.6",
        "lodash.trim": "^4.5.1",
        "lodash.without": "^4.4.0",
        "ranges-apply": "^3.1.3",
        "ranges-push": "^3.7.3",
        "string-left-right": "^2.3.18"
      }
    },
    "string-trim-spaces-only": {
      "version": "2.8.12",
      "resolved": "https://registry.npmjs.org/string-trim-spaces-only/-/string-trim-spaces-only-2.8.12.tgz",
      "integrity": "sha512-GFQSqEKqyC5ppUB+QzdNg5/ARsqcRUsbwnCAXWSiPDdbVt5/K9bF0PE12AKt/z4p+P7enbsMKRAkSQIqeiyfHQ=="
    }
  }
}
